
Microsoft Visual Studio Solution File, Format Version 12.00
# Visual Studio Version 17
VisualStudioVersion = 17.11.35303.130
MinimumVisualStudioVersion = 10.0.40219.1
Project("{FAE04EC0-301F-11D3-BF4B-00C04F79EFBC}") = "ShoppingApplication", "ShoppingApplication\ShoppingApplication.csproj", "{D4D1D160-B3CB-4DB5-9BC2-B74ABE0BFB43}"
EndProject
Global
	GlobalSection(SolutionConfigurationPlatforms) = preSolution
		Debug|Any CPU = Debug|Any CPU
		Release|Any CPU = Release|Any CPU
	EndGlobalSection
	GlobalSection(ProjectConfigurationPlatforms) = postSolution
		{D4D1D160-B3CB-4DB5-9BC2-B74ABE0BFB43}.Debug|Any CPU.ActiveCfg = Debug|Any CPU
		{D4D1D160-B3CB-4DB5-9BC2-B74ABE0BFB43}.Debug|Any CPU.Build.0 = Debug|Any CPU
		{D4D1D160-B3CB-4DB5-9BC2-B74ABE0BFB43}.Debug|Any CPU.Deploy.0 = Debug|Any CPU
		{D4D1D160-B3CB-4DB5-9BC2-B74ABE0BFB43}.Release|Any CPU.ActiveCfg = Release|Any CPU
		{D4D1D160-B3CB-4DB5-9BC2-B74ABE0BFB43}.Release|Any CPU.Build.0 = Release|Any CPU
		{D4D1D160-B3CB-4DB5-9BC2-B74ABE0BFB43}.Release|Any CPU.Deploy.0 = Release|Any CPU
	EndGlobalSection
	GlobalSection(SolutionProperties) = preSolution
		HideSolutionNode = FALSE
	EndGlobalSection
	GlobalSection(ExtensibilityGlobals) = postSolution
		SolutionGuid = {FA3FF962-7EFD-4569-AD02-AE2242169B24}
	EndGlobalSection
EndGlobal
